
Microsoft Visual Studio Solution File, Format Version 12.00
# Visual Studio Version 16
VisualStudioVersion = 16.0.30413.136
MinimumVisualStudioVersion = 10.0.40219.1
Project("{FAE04EC0-301F-11D3-BF4B-00C04F79EFBC}") = "AtomApi", "AtomApi\AtomApi.csproj", "{07AC5321-AC7C-4041-954B-ABE60F4FEAF0}"
EndProject
Global
	GlobalSection(SolutionConfigurationPlatforms) = preSolution
		Debug|Any CPU = Debug|Any CPU
		Release|Any CPU = Release|Any CPU
	EndGlobalSection
	GlobalSection(ProjectConfigurationPlatforms) = postSolution
		{07AC5321-AC7C-4041-954B-ABE60F4FEAF0}.Debug|Any CPU.ActiveCfg = Debug|Any CPU
		{07AC5321-AC7C-4041-954B-ABE60F4FEAF0}.Debug|Any CPU.Build.0 = Debug|Any CPU
		{07AC5321-AC7C-4041-954B-ABE60F4FEAF0}.Release|Any CPU.ActiveCfg = Release|Any CPU
		{07AC5321-AC7C-4041-954B-ABE60F4FEAF0}.Release|Any CPU.Build.0 = Release|Any CPU
	EndGlobalSection
	GlobalSection(SolutionProperties) = preSolution
		HideSolutionNode = FALSE
	EndGlobalSection
	GlobalSection(ExtensibilityGlobals) = postSolution
		SolutionGuid = {FB70478C-2290-47BD-A113-A1C32A9E4182}
	EndGlobalSection
EndGlobal
